schema: '2.0'
stages:
  data_ingestion:
    cmd: python src/cnnClassifier/pipeline/stage_01_data_ingestion.py
    deps:
    - path: config/config.yaml
      hash: md5
      md5: d9fb194ed1b5d4e0bc746ea3839bd872
      size: 808
    - path: src/cnnClassifier/pipeline/stage_01_data_ingestion.py
      hash: md5
      md5: ac315b524c7c8ce312ade40523d3d070
      size: 1063
    outs:
    - path: artifacts/data_ingestion/Chicken-fecal-images
      hash: md5
      md5: 9e1f8dd2eae3c29e9d635df89d438ae4.dir
      size: 12207807
      nfiles: 390
  prepare_base_model:
    cmd: python src/cnnClassifier/pipeline/stage_02_prepare_base_model.py
    deps:
    - path: config/config.yaml
      hash: md5
      md5: d9fb194ed1b5d4e0bc746ea3839bd872
      size: 808
    - path: src/cnnClassifier/pipeline/stage_02_prepare_base_model.py
      hash: md5
      md5: f5023d096ab02f4ab91068a2fdfdae38
      size: 1055
    params:
      params.yaml:
        CLASSES: 2
        IMAGE_SIZE:
        - 224
        - 224
        - 3
        INCLUDE_TOP: false
        LEARNING_RATE: 0.01
        WEIGHTS: imagenet
    outs:
    - path: artifacts/prepare_base_model
      hash: md5
      md5: b39aba66bf4501a78b6b76132ff58a19.dir
      size: 118054560
      nfiles: 2
  training:
    cmd: python src/cnnClassifier/pipeline/stage_03_training.py
    deps:
    - path: artifacts/data_ingestion/Chicken-fecal-images
      hash: md5
      md5: 9e1f8dd2eae3c29e9d635df89d438ae4.dir
      size: 12207807
      nfiles: 390
    - path: artifacts/prepare_base_model
      hash: md5
      md5: b39aba66bf4501a78b6b76132ff58a19.dir
      size: 118054560
      nfiles: 2
    - path: config/config.yaml
      hash: md5
      md5: d9fb194ed1b5d4e0bc746ea3839bd872
      size: 808
    - path: src/cnnClassifier/components/prepare_callbacks.py
      hash: md5
      md5: df047e424075dcab9aec144951712130
      size: 1006
    - path: src/cnnClassifier/pipeline/stage_03_training.py
      hash: md5
      md5: 3be4ae5eed7d3c9ef0b2e0b84845e46a
      size: 1322
    params:
      params.yaml:
        AUGMENTATION: true
        BATCH_SIZE: 12
        EPOCHS: 1
        IMAGE_SIZE:
        - 224
        - 224
        - 3
    outs:
    - path: artifacts/training/model.h5
      hash: md5
      md5: 90154f821cb9ddeee12958b5be0a66ca
      size: 59337520
      isexec: true
  evaluation:
    cmd: python src/cnnClassifier/pipeline/stage_04_evaluation.py
    deps:
    - path: artifacts/data_ingestion/Chicken-fecal-images
      hash: md5
      md5: 9e1f8dd2eae3c29e9d635df89d438ae4.dir
      size: 12207807
      nfiles: 390
    - path: artifacts/training/model.h5
      hash: md5
      md5: 90154f821cb9ddeee12958b5be0a66ca
      size: 59337520
    - path: config/config.yaml
      hash: md5
      md5: d9fb194ed1b5d4e0bc746ea3839bd872
      size: 808
    - path: src/cnnClassifier/pipeline/stage_04_evaluation.py
      hash: md5
      md5: 222caeecd0a4cee8082143aeae11e9b9
      size: 1455
    params:
      params.yaml:
        BATCH_SIZE: 12
        IMAGE_SIZE:
        - 224
        - 224
        - 3
    outs:
    - path: scores.json
      hash: md5
      md5: 24cce8dad24ed31ca5df5838e4bb77bb
      size: 54
      isexec: true
